---
lockfileVersion: '9.0'

importers:

  .:
    configDependencies: {}
    packageManagerDependencies:
      pnpm:
        specifier: 12.4.0
        version: 12.4.0

packages:

  '@pnpm/exe.android-arm64@12.4.0':
    resolution: {integrity: sha512-sAwslzCw74OpqK2P9l39cgdrRWHSqf5wEjB58JEzeVX6wdLvaHyg9i/GeRK5Ou6PZNA3AkD4yLO3c/y7UqOf8w==}
    cpu: [arm64]
    os: [android]

  '@pnpm/exe.android-x64@12.4.0':
    resolution: {integrity: sha512-Ps3Gz0OrqYjuRfhzeNqcvIow6QmNrU3BSzMxJu5rUCSl7inVUUFX2gZbNL9naQsNLoorKCdxUf4N+WI9Mr1WBg==}
    cpu: [x64]
    os: [android]

  '@pnpm/exe.darwin-arm64@12.4.0':
    resolution: {integrity: sha512-75EYiF8GuiTsnvP4cbZsviMBjohXUYtg2zjD4gdfhqxlU1y9Nj+KdEsbH4jfgB/FgyJSYPB2rqfmvvgLnRlVug==}
    cpu: [arm64]
    os: [darwin]

  '@pnpm/exe.darwin-x64@12.4.0':
    resolution: {integrity: sha512-b74TzBg8lxl0lqZImGOXpRbAGcqVKX+UMckl3wG+KH52yYHI86VBJP86HbJX30HJ/EFeC6Tgbz2E4b5hhKRvdA==}
    cpu: [x64]
    os: [darwin]

  '@pnpm/exe.freebsd-x64@12.4.0':
    resolution: {integrity: sha512-A45d6axdQIFNyNTYZAC64wh5+6LJ6dNKhNAoNMNi/EC5y9CRfv0GL3ZYDBqpkmsN9KMAkVsFWizq/Ng6xtjnhw==}
    cpu: [x64]
    os: [freebsd]

  '@pnpm/exe.linux-arm64-musl@12.4.0':
    resolution: {integrity: sha512-yS6DNel7twfEUoW1yka1hpQrnhRe/s1JZ1MThVfgrmNQrNaPyHxQvAihm/GtL2CM6OeMV6z5532H/W/yDjQp5g==}
    cpu: [arm64]
    os: [linux]
    libc: [musl]

  '@pnpm/exe.linux-arm64@12.4.0':
    resolution: {integrity: sha512-6npQUwq3D/WXbTgR4evApEKQ9ITznZ6Iz/dptcjBzA7+wSLTaYkK98Od2wsHCoPmEFb9tGtM+cvG82+wy0o9uA==}
    cpu: [arm64]
    os: [linux]
    libc: [glibc]

  '@pnpm/exe.linux-ppc64@12.4.0':
    resolution: {integrity: sha512-7shJ4WytyvBEdjrbIDqx2gDAH7sr0HBDooTmnNQ7DlzcLeeGi7Yqir7gJjOTm6s9S1cVnT56IwmqnnwQMP1HTQ==}
    cpu: [ppc64]
    os: [linux]
    libc: [glibc]

  '@pnpm/exe.linux-riscv64@12.4.0':
    resolution: {integrity: sha512-q03EGUFoe/oOU/67E3sEAePr3qjFu8xrsX+WOXTodcFXfO5FondC6TPs7BSwhTiV27j3jeDP56qhJP05pXn+vw==}
    cpu: [riscv64]
    os: [linux]
    libc: [glibc]

  '@pnpm/exe.linux-s390x@12.4.0':
    resolution: {integrity: sha512-GZ5YellCtNnaLe9zVj9l3avlw9CbSzExUFDh7v+tVbLfOOfkkRLpx2lsw1ytJ/nFWvxF2TO6M6Q9JDT7q8svRg==}
    cpu: [s390x]
    os: [linux]
    libc: [glibc]

  '@pnpm/exe.linux-x64-musl@12.4.0':
    resolution: {integrity: sha512-c8YyjVL39L48tRg9i3iw3d90fN6q84UjxlgWBhplcBOpzCgmglDVkPMtEAVDC+t9iobvYzs2hJnmTqLaA87MVA==}
    cpu: [x64]
    os: [linux]
    libc: [musl]

  '@pnpm/exe.linux-x64@12.4.0':
    resolution: {integrity: sha512-SQVgRkcR4Xyqf8+VNbtY0rtcEnfDq48RhH30HWo2/UfqKEfle2rOMyGZOmN1DbMw4ZzG5mWYoC81O7ZqHFZcPw==}
    cpu: [x64]
    os: [linux]
    libc: [glibc]

  '@pnpm/exe.win32-arm64@12.4.0':
    resolution: {integrity: sha512-ZamXPhx0X6APZJAIkcH+K9KAsKcTYwxEgOyTQ/NXE+2UHBT9bRnSQ91sBeY6ELNd58V5cmMAkXSW5xmU+2ry+w==}
    cpu: [arm64]
    os: [win32]

  '@pnpm/exe.win32-x64@12.4.0':
    resolution: {integrity: sha512-b8bLaprnpYi/2zN0M3H9RDAHuxCP3fmV5agPPwdp9fIdjNSUkV7V/RC3L4oWwbZvVgYEjjFLx1RuJOdltoKP6g==}
    cpu: [x64]
    os: [win32]

  pnpm@12.4.0:
    resolution: {integrity: sha512-N1NsJu1Aq0E0tlEeCfayfz67RWh0aPJAbKOAUnmk5coVjBkxNQrZd01qshCNcbPbrrOZQxWSlDdeTQU+jgVoXA==}
    engines: {node: '>=18.*'}
    hasBin: true

snapshots:

  '@pnpm/exe.android-arm64@12.4.0':
    optional: true

  '@pnpm/exe.android-x64@12.4.0':
    optional: true

  '@pnpm/exe.darwin-arm64@12.4.0':
    optional: true

  '@pnpm/exe.darwin-x64@12.4.0':
    optional: true

  '@pnpm/exe.freebsd-x64@12.4.0':
    optional: true

  '@pnpm/exe.linux-arm64-musl@12.4.0':
    optional: true

  '@pnpm/exe.linux-arm64@12.4.0':
    optional: true

  '@pnpm/exe.linux-ppc64@12.4.0':
    optional: true

  '@pnpm/exe.linux-riscv64@12.4.0':
    optional: true

  '@pnpm/exe.linux-s390x@12.4.0':
    optional: true

  '@pnpm/exe.linux-x64-musl@12.4.0':
    optional: true

  '@pnpm/exe.linux-x64@12.4.0':
    optional: true

  '@pnpm/exe.win32-arm64@12.4.0':
    optional: true

  '@pnpm/exe.win32-x64@12.4.0':
    optional: true

  pnpm@12.4.0:
    optionalDependencies:
      '@pnpm/exe.android-arm64': 12.4.0
      '@pnpm/exe.android-x64': 12.4.0
      '@pnpm/exe.darwin-arm64': 12.4.0
      '@pnpm/exe.darwin-x64': 12.4.0
      '@pnpm/exe.freebsd-x64': 12.4.0
      '@pnpm/exe.linux-arm64': 12.4.0
      '@pnpm/exe.linux-arm64-musl': 12.4.0
      '@pnpm/exe.linux-ppc64': 12.4.0
      '@pnpm/exe.linux-riscv64': 12.4.0
      '@pnpm/exe.linux-s390x': 12.4.0
      '@pnpm/exe.linux-x64': 12.4.0
      '@pnpm/exe.linux-x64-musl': 12.4.0
      '@pnpm/exe.win32-arm64': 12.4.0
      '@pnpm/exe.win32-x64': 12.4.0

---
lockfileVersion: '9.0'

settings:
  autoInstallPeers: true
  excludeLinksFromLockfile: false

importers:

  .:
    devDependencies:
      git-cliff:
        specifier: 2.13.1
        version: 2.13.1

packages:

  '@sec-ant/readable-stream@0.4.1':
    resolution: {integrity: sha512-831qok9r2t8AlxLko40y2ebgSDhenenCatLVeW/uBtnHPyhHOvG0C7TvfgecV+wHzIm5KUICgzmVpWS+IMEAeg==}

  '@sindresorhus/merge-streams@4.0.0':
    resolution: {integrity: sha512-tlqY9xq5ukxTUZBmoOp+m61cqwQD5pHJtFY3Mn8CA8ps6yghLH/Hw8UPdqg4OLmFW3IFlcXnQNmo/dh8HzXYIQ==}
    engines: {node: '>=18'}

  cross-spawn@7.0.6:
    resolution: {integrity: sha512-uV2QOWP2nWzsy2aMp8aRibhi9dlzF5Hgh5SHaB9OiTGEyDTiJJyx0uy51QXdyWbtAHNua4XJzUKca3OzKUd3vA==}
    engines: {node: '>= 8'}

  execa@9.6.1:
    resolution: {integrity: sha512-9Be3ZoN4LmYR90tUoVu2te2BsbzHfhJyfEiAVfz7N5/zv+jduIfLrV2xdQXOHbaD6KgpGdO9PRPM1Y4Q9QkPkA==}
    engines: {node: ^18.19.0 || >=20.5.0}

  figures@6.1.0:
    resolution: {integrity: sha512-d+l3qxjSesT4V7v2fh+QnmFnUWv9lSpjarhShNTgBOfA0ttejbQUAlHLitbjkoRiDulW0OPoQPYIGhIC8ohejg==}
    engines: {node: '>=18'}

  get-stream@9.0.1:
    resolution: {integrity: sha512-kVCxPF3vQM/N0B1PmoqVUqgHP+EeVjmZSQn+1oCRPxd2P21P2F19lIgbR3HBosbB1PUhOAoctJnfEn2GbN2eZA==}
    engines: {node: '>=18'}

  git-cliff-darwin-arm64@2.13.1:
    resolution: {integrity: sha512-3ebPUnUlLmrSZDHknSZQmyZV7DEJVtKse8I25Am0cENET5Py9u9Hg9k8IRXdiDtHtPDs6MYZx7BOi11WtcfqSg==}
    cpu: [arm64]
    os: [darwin]

  git-cliff-darwin-x64@2.13.1:
    resolution: {integrity: sha512-KZfggGAiw1EvZH3BOUclEU4eGCP2+Z+lH/N2Ni3FH9L2M1U7FYJqqaMhqgO8azTj67betvDshH8WBUkIkSsVxA==}
    cpu: [x64]
    os: [darwin]

  git-cliff-linux-arm64@2.13.1:
    resolution: {integrity: sha512-clNRcNzdvk4GKyTt3ZhhWqcrjVRghcUcGNSV/Y87YJf3Mc/zl9ajUAhnXPOBSX/KWBr2od5SmkCt0qGYagY07g==}
    cpu: [arm64]
    os: [linux]

  git-cliff-linux-x64@2.13.1:
    resolution: {integrity: sha512-gZcIQhIQ1lDUMD8UieUSEZAYoyZN7nPd8O3VQoj1Ddhqll4UAS1Zxms1SU3U8pb0UTdc2m3ia/wtOnyhvbjdjQ==}
    cpu: [x64]
    os: [linux]

  git-cliff-windows-arm64@2.13.1:
    resolution: {integrity: sha512-+XubuQv68DuDwF0u6Af5d889MEf/RD48VBQS7ZmPi4sUSCXAZqRm1/ApCsStLqxMDCf1+7s05B/kNbm9wjV80A==}
    cpu: [arm64]
    os: [win32]

  git-cliff-windows-x64@2.13.1:
    resolution: {integrity: sha512-Bi8ehp1VMkomY7M/356PgovKQ8CBRiuOOkq+aWC2evQuMFfXWjG0GBlPED9QkZoUJ4iQ5ygB5DYdK3BjhaOyPw==}
    cpu: [x64]
    os: [win32]

  git-cliff@2.13.1:
    resolution: {integrity: sha512-2BzXwrom+SMHeNA5Ut+MtzqXejg0wbVwmzj3k7e9w62UQoyCDrM9UIcvtl6hnT3jocEQ1zLRQBaXXx97Gmnk7A==}
    engines: {node: ^18.19 || >=20.6}
    hasBin: true

  human-signals@8.0.1:
    resolution: {integrity: sha512-eKCa6bwnJhvxj14kZk5NCPc6Hb6BdsU9DZcOnmQKSnO1VKrfV0zCvtttPZUsBvjmNDn8rpcJfpwSYnHBjc95MQ==}
    engines: {node: '>=18.18.0'}

  is-plain-obj@4.1.0:
    resolution: {integrity: sha512-+Pgi+vMuUNkJyExiMBt5IlFoMyKnr5zhJ4Uspz58WOhBF5QoIZkFyNHIbBAtHwzVAgk5RtndVNsDRN61/mmDqg==}
    engines: {node: '>=12'}

  is-stream@4.0.1:
    resolution: {integrity: sha512-Dnz92NInDqYckGEUJv689RbRiTSEHCQ7wOVeALbkOz999YpqT46yMRIGtSNl2iCL1waAZSx40+h59NV/EwzV/A==}
    engines: {node: '>=18'}

  is-unicode-supported@2.1.0:
    resolution: {integrity: sha512-mE00Gnza5EEB3Ds0HfMyllZzbBrmLOX3vfWoj9A9PEnTfratQ/BcaJOuMhnkhjXvb2+FkY3VuHqtAGpTPmglFQ==}
    engines: {node: '>=18'}

  isexe@2.0.0:
    resolution: {integrity: sha512-RHxMLp9lnKHGHRng9QFhRCMbYAcVpn69smSGcq3f36xjgVVWThj4qqLbTLlq7Ssj8B+fIQ1EuCEGI2lKsyQeIw==}

  npm-run-path@6.0.0:
    resolution: {integrity: sha512-9qny7Z9DsQU8Ou39ERsPU4OZQlSTP47ShQzuKZ6PRXpYLtIFgl/DEBYEXKlvcEa+9tHVcK8CF81Y2V72qaZhWA==}
    engines: {node: '>=18'}

  parse-ms@4.0.0:
    resolution: {integrity: sha512-TXfryirbmq34y8QBwgqCVLi+8oA3oWx2eAnSn62ITyEhEYaWRlVZ2DvMM9eZbMs/RfxPu/PK/aBLyGj4IrqMHw==}
    engines: {node: '>=18'}

  path-key@3.1.1:
    resolution: {integrity: sha512-ojmeN0qd+y0jszEtoY48r0Peq5dwMEkIlCOu6Q5f41lfkswXuKtYrhgoTpLnyIcHm24Uhqx+5Tqm2InSwLhE6Q==}
    engines: {node: '>=8'}

  path-key@4.0.0:
    resolution: {integrity: sha512-haREypq7xkM7ErfgIyA0z+Bj4AGKlMSdlQE2jvJo6huWD1EdkKYV+G/T4nq0YEF2vgTT8kqMFKo1uHn950r4SQ==}
    engines: {node: '>=12'}

  pretty-ms@9.3.1:
    resolution: {integrity: sha512-HzMy3Geq23nVALD/M2LliU+F+M+gVNsvkQWWqeBZ8HDiCgzo6YPJ/Omrmtq24EFrIsk0a3EkQGEd7bDOo+IhGA==}
    engines: {node: '>=18'}

  shebang-command@2.0.0:
    resolution: {integrity: sha512-kHxr2zZpYtdmrN1qDjrrX/Z1rR1kG8Dx+gkpK1G4eXmvXswmcE1hTWBWYUzlraYw1/yZp6YuDY77YtvbN0dmDA==}
    engines: {node: '>=8'}

  shebang-regex@3.0.0:
    resolution: {integrity: sha512-7++dFhtcx3353uBaq8DDR4NuxBetBzC7ZQOhmTQInHEd6bSrXdiEyzCvG07Z44UYdLShWUyXt5M/yhz8ekcb1A==}
    engines: {node: '>=8'}

  signal-exit@4.1.0:
    resolution: {integrity: sha512-bzyZ1e88w9O1iNJbKnOlvYTrWPDl46O1bG0D3XInv+9tkPrxrN8jUUTiFlDkkmKWgn1M6CfIA13SuGqOa9Korw==}
    engines: {node: '>=14'}

  strip-final-newline@4.0.0:
    resolution: {integrity: sha512-aulFJcD6YK8V1G7iRB5tigAP4TsHBZZrOV8pjV++zdUwmeV8uzbY7yn6h9MswN62adStNZFuCIx4haBnRuMDaw==}
    engines: {node: '>=18'}

  unicorn-magic@0.3.0:
    resolution: {integrity: sha512-+QBBXBCvifc56fsbuxZQ6Sic3wqqc3WWaqxs58gvJrcOuN83HGTCwz3oS5phzU9LthRNE9VrJCFCLUgHeeFnfA==}
    engines: {node: '>=18'}

  which@2.0.2:
    resolution: {integrity: sha512-BLI3Tl1TW3Pvl70l3yq3Y64i+awpwXqsGBYWkkqMtnbXgrMD+yj7rhW0kuEDxzJaYXGjEW5ogapKNMEKNMjibA==}
    engines: {node: '>= 8'}
    hasBin: true

  yoctocolors@2.2.0:
    resolution: {integrity: sha512-xYqdZFUK/VYazNl/oCDYN+3WloWQwMfZxBoiNt6qNyk+xfOdi598muWE42rNZFp1kNOiqW936q5RhUdnpqElSg==}
    engines: {node: '>=18'}

snapshots:

  '@sec-ant/readable-stream@0.4.1': {}

  '@sindresorhus/merge-streams@4.0.0': {}

  cross-spawn@7.0.6:
    dependencies:
      path-key: 3.1.1
      shebang-command: 2.0.0
      which: 2.0.2

  execa@9.6.1:
    dependencies:
      '@sindresorhus/merge-streams': 4.0.0
      cross-spawn: 7.0.6
      figures: 6.1.0
      get-stream: 9.0.1
      human-signals: 8.0.1
      is-plain-obj: 4.1.0
      is-stream: 4.0.1
      npm-run-path: 6.0.0
      pretty-ms: 9.3.1
      signal-exit: 4.1.0
      strip-final-newline: 4.0.0
      yoctocolors: 2.2.0

  figures@6.1.0:
    dependencies:
      is-unicode-supported: 2.1.0

  get-stream@9.0.1:
    dependencies:
      '@sec-ant/readable-stream': 0.4.1
      is-stream: 4.0.1

  git-cliff-darwin-arm64@2.13.1:
    optional: true

  git-cliff-darwin-x64@2.13.1:
    optional: true

  git-cliff-linux-arm64@2.13.1:
    optional: true

  git-cliff-linux-x64@2.13.1:
    optional: true

  git-cliff-windows-arm64@2.13.1:
    optional: true

  git-cliff-windows-x64@2.13.1:
    optional: true

  git-cliff@2.13.1:
    dependencies:
      execa: 9.6.1
    optionalDependencies:
      git-cliff-darwin-arm64: 2.13.1
      git-cliff-darwin-x64: 2.13.1
      git-cliff-linux-arm64: 2.13.1
      git-cliff-linux-x64: 2.13.1
      git-cliff-windows-arm64: 2.13.1
      git-cliff-windows-x64: 2.13.1

  human-signals@8.0.1: {}

  is-plain-obj@4.1.0: {}

  is-stream@4.0.1: {}

  is-unicode-supported@2.1.0: {}

  isexe@2.0.0: {}

  npm-run-path@6.0.0:
    dependencies:
      path-key: 4.0.0
      unicorn-magic: 0.3.0

  parse-ms@4.0.0: {}

  path-key@3.1.1: {}

  path-key@4.0.0: {}

  pretty-ms@9.3.1:
    dependencies:
      parse-ms: 4.0.0

  shebang-command@2.0.0:
    dependencies:
      shebang-regex: 3.0.0

  shebang-regex@3.0.0: {}

  signal-exit@4.1.0: {}

  strip-final-newline@4.0.0: {}

  unicorn-magic@0.3.0: {}

  which@2.0.2:
    dependencies:
      isexe: 2.0.0

  yoctocolors@2.2.0: {}
